
Microsoft Visual Studio Solution File, Format Version 12.00
# Visual Studio 15
VisualStudioVersion = 15.0.28010.2026
MinimumVisualStudioVersion = 10.0.40219.1
Project("{FAE04EC0-301F-11D3-BF4B-00C04F79EFBC}") = "RestServiceConsumer", "RestServiceConsumer\RestServiceConsumer.csproj", "{00D38AE8-72FC-4B52-966F-62940EB90598}"
EndProject
Global
	GlobalSection(SolutionConfigurationPlatforms) = preSolution
		Debug|Any CPU = Debug|Any CPU
		Release|Any CPU = Release|Any CPU
	EndGlobalSection
	GlobalSection(ProjectConfigurationPlatforms) = postSolution
		{00D38AE8-72FC-4B52-966F-62940EB90598}.Debug|Any CPU.ActiveCfg = Debug|Any CPU
		{00D38AE8-72FC-4B52-966F-62940EB90598}.Debug|Any CPU.Build.0 = Debug|Any CPU
		{00D38AE8-72FC-4B52-966F-62940EB90598}.Release|Any CPU.ActiveCfg = Release|Any CPU
		{00D38AE8-72FC-4B52-966F-62940EB90598}.Release|Any CPU.Build.0 = Release|Any CPU
	EndGlobalSection
	GlobalSection(SolutionProperties) = preSolution
		HideSolutionNode = FALSE
	EndGlobalSection
	GlobalSection(ExtensibilityGlobals) = postSolution
		SolutionGuid = {5220BBB7-1570-4457-A5BE-A64A915F372E}
	EndGlobalSection
EndGlobal
